
Microsoft Visual Studio Solution File, Format Version 12.00
# Visual Studio Version 17
VisualStudioVersion = 17.0.32014.148
MinimumVisualStudioVersion = 10.0.40219.1
Project("{9A19103F-16F7-4668-BE54-9A1E7A4F7556}") = "DnsServerApp", "DnsServerApp\DnsServerApp.csproj", "{ADE80805-9FA7-4F66-8A18-57B98F8C0B0F}"
EndProject
Project("{9A19103F-16F7-4668-BE54-9A1E7A4F7556}") = "DnsServerWindowsService", "DnsServerWindowsService\DnsServerWindowsService.csproj", "{7873B2B8-01BA-48BC-B4B0-0857FFD873C9}"
EndProject
Project("{9A19103F-16F7-4668-BE54-9A1E7A4F7556}") = "DnsServerCore", "DnsServerCore\DnsServerCore.csproj", "{4494B79B-588C-41F2-95AD-0897123AF154}"
EndProject
Project("{9A19103F-16F7-4668-BE54-9A1E7A4F7556}") = "DnsServerSystemTrayApp", "DnsServerSystemTrayApp\DnsServerSystemTrayApp.csproj", "{2F91BD07-2CEE-47FA-8486-457B54612B4C}"
EndProject
Project("{9A19103F-16F7-4668-BE54-9A1E7A4F7556}") = "DnsServerCore.ApplicationCommon", "DnsServerCore.ApplicationCommon\DnsServerCore.ApplicationCommon.csproj", "{4ABB6715-A66F-482F-BA13-88CDFD33B2C5}"
EndProject
Project("{2150E333-8FDC-42A3-9474-1A3956D46DE8}") = "Apps", "Apps", "{938BF8EF-74B9-4FE0-B46F-11EBB7A4B3D2}"
EndProject
Project("{9A19103F-16F7-4668-BE54-9A1E7A4F7556}") = "GeoContinentApp", "Apps\GeoContinentApp\GeoContinentApp.csproj", "{39C1822D-061A-43D0-93BE-6F900CC688B6}"
EndProject
Project("{9A19103F-16F7-4668-BE54-9A1E7A4F7556}") = "GeoCountryApp", "Apps\GeoCountryApp\GeoCountryApp.csproj", "{338DDC94-6149-4A0E-A7A0-2630EA6BEA68}"
EndProject
Project("{9A19103F-16F7-4668-BE54-9A1E7A4F7556}") = "GeoDistanceApp", "Apps\GeoDistanceApp\GeoDistanceApp.csproj", "{1FE525BD-16BC-4F64-B31C-4E5AF70317A6}"
EndProject
Project("{9A19103F-16F7-4668-BE54-9A1E7A4F7556}") = "SplitHorizonApp", "Apps\SplitHorizonApp\SplitHorizonApp.csproj", "{CACE22C7-02A2-4579-BBC7-39F544CAD1A5}"
EndProject
Project("{9A19103F-16F7-4668-BE54-9A1E7A4F7556}") = "WhatIsMyDnsApp", "Apps\WhatIsMyDnsApp\WhatIsMyDnsApp.csproj", "{F5FD0B99-08AC-47FC-8C52-7D7CA1A7D9A0}"
EndProject
Project("{9A19103F-16F7-4668-BE54-9A1E7A4F7556}") = "FailoverApp", "Apps\FailoverApp\FailoverApp.csproj", "{099D27AF-3AEB-495A-A5D0-46DA59CC9213}"
EndProject
Project("{9A19103F-16F7-4668-BE54-9A1E7A4F7556}") = "DropRequestsApp", "Apps\DropRequestsApp\DropRequestsApp.csproj", "{738079D1-FA5A-40CD-8A27-D831919EE209}"
EndProject
Project("{9A19103F-16F7-4668-BE54-9A1E7A4F7556}") = "QueryLogsSqliteApp", "Apps\QueryLogsSqliteApp\QueryLogsSqliteApp.csproj", "{186DEF23-863E-4954-BE16-5E5FCA75ECA2}"
EndProject
Project("{9A19103F-16F7-4668-BE54-9A1E7A4F7556}") = "AdvancedBlockingApp", "Apps\AdvancedBlockingApp\AdvancedBlockingApp.csproj", "{A4C31093-CA65-42D4-928A-11907076C0DE}"
EndProject
Project("{9A19103F-16F7-4668-BE54-9A1E7A4F7556}") = "NxDomainApp", "Apps\NxDomainApp\NxDomainApp.csproj", "{BB0010FC-20E9-4397-BF9B-C9955D9AD339}"
EndProject
Project("{9A19103F-16F7-4668-BE54-9A1E7A4F7556}") = "BlockPageApp", "Apps\BlockPageApp\BlockPageApp.csproj", "{45C6F9AD-57D6-4D6D-9498-10B5C828E47E}"
EndProject
Project("{9A19103F-16F7-4668-BE54-9A1E7A4F7556}") = "WildIpApp", "Apps\WildIpApp\WildIpApp.csproj", "{8B6BEB00-0AC2-4680-A848-31AD8A0FCD82}"
EndProject
Project("{9A19103F-16F7-4668-BE54-9A1E7A4F7556}") = "NoDataApp", "Apps\NoDataApp\NoDataApp.csproj", "{BE08D981-DDB0-4314-A571-D68EDF0F3971}"
EndProject
Project("{9A19103F-16F7-4668-BE54-9A1E7A4F7556}") = "Dns64App", "Apps\Dns64App\Dns64App.csproj", "{3514C4B4-78C1-46A1-82D5-4E676DD114FA}"
EndProject
Project("{9A19103F-16F7-4668-BE54-9A1E7A4F7556}") = "DnsBlockListApp", "Apps\DnsBlockListApp\DnsBlockListApp.csproj", "{9F2EC41F-6A9E-47C4-B47B-75190D5B6903}"
EndProject
Project("{9A19103F-16F7-4668-BE54-9A1E7A4F7556}") = "AdvancedForwardingApp", "Apps\AdvancedForwardingApp\AdvancedForwardingApp.csproj", "{42DD2C37-4082-4E33-9AB0-04A97290D5B7}"
EndProject
Project("{9A19103F-16F7-4668-BE54-9A1E7A4F7556}") = "AutoPtrApp", "Apps\AutoPtrApp\AutoPtrApp.csproj", "{06AB9E37-5532-4CDB-8D6C-D3575594CC7E}"
EndProject
Project("{9A19103F-16F7-4668-BE54-9A1E7A4F7556}") = "WeightedRoundRobinApp", "Apps\WeightedRoundRobinApp\WeightedRoundRobinApp.csproj", "{29688452-F88A-49F5-9C98-BE7B2812C522}"
EndProject
Project("{9A19103F-16F7-4668-BE54-9A1E7A4F7556}") = "ZoneAliasApp", "Apps\ZoneAliasApp\ZoneAliasApp.csproj", "{6FF8C5F7-C98E-41C1-8FCD-25AEA0057673}"
EndProject
Project("{FAE04EC0-301F-11D3-BF4B-00C04F79EFBC}") = "DefaultRecordsApp", "Apps\DefaultRecordsApp\DefaultRecordsApp.csproj", "{BCF0373F-540D-4E9E-A8AD-70CEE9B385A6}"
EndProject
Global
	GlobalSection(SolutionConfigurationPlatforms) = preSolution
		Debug|Any CPU = Debug|Any CPU
		Release|Any CPU = Release|Any CPU
	EndGlobalSection
	GlobalSection(ProjectConfigurationPlatforms) = postSolution
		{ADE80805-9FA7-4F66-8A18-57B98F8C0B0F}.Debug|Any CPU.ActiveCfg = Debug|Any CPU
		{ADE80805-9FA7-4F66-8A18-57B98F8C0B0F}.Debug|Any CPU.Build.0 = Debug|Any CPU
		{ADE80805-9FA7-4F66-8A18-57B98F8C0B0F}.Release|Any CPU.ActiveCfg = Release|Any CPU
		{ADE80805-9FA7-4F66-8A18-57B98F8C0B0F}.Release|Any CPU.Build.0 = Release|Any CPU
		{7873B2B8-01BA-48BC-B4B0-0857FFD873C9}.Debug|Any CPU.ActiveCfg = Debug|Any CPU
		{7873B2B8-01BA-48BC-B4B0-0857FFD873C9}.Debug|Any CPU.Build.0 = Debug|Any CPU
		{7873B2B8-01BA-48BC-B4B0-0857FFD873C9}.Release|Any CPU.ActiveCfg = Release|Any CPU
		{7873B2B8-01BA-48BC-B4B0-0857FFD873C9}.Release|Any CPU.Build.0 = Release|Any CPU
		{4494B79B-588C-41F2-95AD-0897123AF154}.Debug|Any CPU.ActiveCfg = Debug|Any CPU
		{4494B79B-588C-41F2-95AD-0897123AF154}.Debug|Any CPU.Build.0 = Debug|Any CPU
		{4494B79B-588C-41F2-95AD-0897123AF154}.Release|Any CPU.ActiveCfg = Release|Any CPU
		{4494B79B-588C-41F2-95AD-0897123AF154}.Release|Any CPU.Build.0 = Release|Any CPU
		{2F91BD07-2CEE-47FA-8486-457B54612B4C}.Debug|Any CPU.ActiveCfg = Debug|Any CPU
		{2F91BD07-2CEE-47FA-8486-457B54612B4C}.Debug|Any CPU.Build.0 = Debug|Any CPU
		{2F91BD07-2CEE-47FA-8486-457B54612B4C}.Release|Any CPU.ActiveCfg = Release|Any CPU
		{2F91BD07-2CEE-47FA-8486-457B54612B4C}.Release|Any CPU.Build.0 = Release|Any CPU
		{4ABB6715-A66F-482F-BA13-88CDFD33B2C5}.Debug|Any CPU.ActiveCfg = Debug|Any CPU
		{4ABB6715-A66F-482F-BA13-88CDFD33B2C5}.Debug|Any CPU.Build.0 = Debug|Any CPU
		{4ABB6715-A66F-482F-BA13-88CDFD33B2C5}.Release|Any CPU.ActiveCfg = Release|Any CPU
		{4ABB6715-A66F-482F-BA13-88CDFD33B2C5}.Release|Any CPU.Build.0 = Release|Any CPU
		{39C1822D-061A-43D0-93BE-6F900CC688B6}.Debug|Any CPU.ActiveCfg = Debug|Any CPU
		{39C1822D-061A-43D0-93BE-6F900CC688B6}.Debug|Any CPU.Build.0 = Debug|Any CPU
		{39C1822D-061A-43D0-93BE-6F900CC688B6}.Release|Any CPU.ActiveCfg = Release|Any CPU
		{39C1822D-061A-43D0-93BE-6F900CC688B6}.Release|Any CPU.Build.0 = Release|Any CPU
		{338DDC94-6149-4A0E-A7A0-2630EA6BEA68}.Debug|Any CPU.ActiveCfg = Debug|Any CPU
		{338DDC94-6149-4A0E-A7A0-2630EA6BEA68}.Debug|Any CPU.Build.0 = Debug|Any CPU
		{338DDC94-6149-4A0E-A7A0-2630EA6BEA68}.Release|Any CPU.ActiveCfg = Release|Any CPU
		{338DDC94-6149-4A0E-A7A0-2630EA6BEA68}.Release|Any CPU.Build.0 = Release|Any CPU
		{1FE525BD-16BC-4F64-B31C-4E5AF70317A6}.Debug|Any CPU.ActiveCfg = Debug|Any CPU
		{1FE525BD-16BC-4F64-B31C-4E5AF70317A6}.Debug|Any CPU.Build.0 = Debug|Any CPU
		{1FE525BD-16BC-4F64-B31C-4E5AF70317A6}.Release|Any CPU.ActiveCfg = Release|Any CPU
		{1FE525BD-16BC-4F64-B31C-4E5AF70317A6}.Release|Any CPU.Build.0 = Release|Any CPU
		{CACE22C7-02A2-4579-BBC7-39F544CAD1A5}.Debug|Any CPU.ActiveCfg = Debug|Any CPU
		{CACE22C7-02A2-4579-BBC7-39F544CAD1A5}.Debug|Any CPU.Build.0 = Debug|Any CPU
		{CACE22C7-02A2-4579-BBC7-39F544CAD1A5}.Release|Any CPU.ActiveCfg = Release|Any CPU
		{CACE22C7-02A2-4579-BBC7-39F544CAD1A5}.Release|Any CPU.Build.0 = Release|Any CPU
		{F5FD0B99-08AC-47FC-8C52-7D7CA1A7D9A0}.Debug|Any CPU.ActiveCfg = Debug|Any CPU
		{F5FD0B99-08AC-47FC-8C52-7D7CA1A7D9A0}.Debug|Any CPU.Build.0 = Debug|Any CPU
		{F5FD0B99-08AC-47FC-8C52-7D7CA1A7D9A0}.Release|Any CPU.ActiveCfg = Release|Any CPU
		{F5FD0B99-08AC-47FC-8C52-7D7CA1A7D9A0}.Release|Any CPU.Build.0 = Release|Any CPU
		{099D27AF-3AEB-495A-A5D0-46DA59CC9213}.Debug|Any CPU.ActiveCfg = Debug|Any CPU
		{099D27AF-3AEB-495A-A5D0-46DA59CC9213}.Debug|Any CPU.Build.0 = Debug|Any CPU
		{099D27AF-3AEB-495A-A5D0-46DA59CC9213}.Release|Any CPU.ActiveCfg = Release|Any CPU
		{099D27AF-3AEB-495A-A5D0-46DA59CC9213}.Release|Any CPU.Build.0 = Release|Any CPU
		{738079D1-FA5A-40CD-8A27-D831919EE209}.Debug|Any CPU.ActiveCfg = Debug|Any CPU
		{738079D1-FA5A-40CD-8A27-D831919EE209}.Debug|Any CPU.Build.0 = Debug|Any CPU
		{738079D1-FA5A-40CD-8A27-D831919EE209}.Release|Any CPU.ActiveCfg = Release|Any CPU
		{738079D1-FA5A-40CD-8A27-D831919EE209}.Release|Any CPU.Build.0 = Release|Any CPU
		{186DEF23-863E-4954-BE16-5E5FCA75ECA2}.Debug|Any CPU.ActiveCfg = Debug|Any CPU
		{186DEF23-863E-4954-BE16-5E5FCA75ECA2}.Debug|Any CPU.Build.0 = Debug|Any CPU
		{186DEF23-863E-4954-BE16-5E5FCA75ECA2}.Release|Any CPU.ActiveCfg = Release|Any CPU
		{186DEF23-863E-4954-BE16-5E5FCA75ECA2}.Release|Any CPU.Build.0 = Release|Any CPU
		{A4C31093-CA65-42D4-928A-11907076C0DE}.Debug|Any CPU.ActiveCfg = Debug|Any CPU
		{A4C31093-CA65-42D4-928A-11907076C0DE}.Debug|Any CPU.Build.0 = Debug|Any CPU
		{A4C31093-CA65-42D4-928A-11907076C0DE}.Release|Any CPU.ActiveCfg = Release|Any CPU
		{A4C31093-CA65-42D4-928A-11907076C0DE}.Release|Any CPU.Build.0 = Release|Any CPU
		{BB0010FC-20E9-4397-BF9B-C9955D9AD339}.Debug|Any CPU.ActiveCfg = Debug|Any CPU
		{BB0010FC-20E9-4397-BF9B-C9955D9AD339}.Debug|Any CPU.Build.0 = Debug|Any CPU
		{BB0010FC-20E9-4397-BF9B-C9955D9AD339}.Release|Any CPU.ActiveCfg = Release|Any CPU
		{BB0010FC-20E9-4397-BF9B-C9955D9AD339}.Release|Any CPU.Build.0 = Release|Any CPU
		{45C6F9AD-57D6-4D6D-9498-10B5C828E47E}.Debug|Any CPU.ActiveCfg = Debug|Any CPU
		{45C6F9AD-57D6-4D6D-9498-10B5C828E47E}.Debug|Any CPU.Build.0 = Debug|Any CPU
		{45C6F9AD-57D6-4D6D-9498-10B5C828E47E}.Release|Any CPU.ActiveCfg = Release|Any CPU
		{45C6F9AD-57D6-4D6D-9498-10B5C828E47E}.Release|Any CPU.Build.0 = Release|Any CPU
		{8B6BEB00-0AC2-4680-A848-31AD8A0FCD82}.Debug|Any CPU.ActiveCfg = Debug|Any CPU
		{8B6BEB00-0AC2-4680-A848-31AD8A0FCD82}.Debug|Any CPU.Build.0 = Debug|Any CPU
		{8B6BEB00-0AC2-4680-A848-31AD8A0FCD82}.Release|Any CPU.ActiveCfg = Release|Any CPU
		{8B6BEB00-0AC2-4680-A848-31AD8A0FCD82}.Release|Any CPU.Build.0 = Release|Any CPU
		{BE08D981-DDB0-4314-A571-D68EDF0F3971}.Debug|Any CPU.ActiveCfg = Debug|Any CPU
		{BE08D981-DDB0-4314-A571-D68EDF0F3971}.Debug|Any CPU.Build.0 = Debug|Any CPU
		{BE08D981-DDB0-4314-A571-D68EDF0F3971}.Release|Any CPU.ActiveCfg = Release|Any CPU
		{BE08D981-DDB0-4314-A571-D68EDF0F3971}.Release|Any CPU.Build.0 = Release|Any CPU
		{3514C4B4-78C1-46A1-82D5-4E676DD114FA}.Debug|Any CPU.ActiveCfg = Debug|Any CPU
		{3514C4B4-78C1-46A1-82D5-4E676DD114FA}.Debug|Any CPU.Build.0 = Debug|Any CPU
		{3514C4B4-78C1-46A1-82D5-4E676DD114FA}.Release|Any CPU.ActiveCfg = Release|Any CPU
		{3514C4B4-78C1-46A1-82D5-4E676DD114FA}.Release|Any CPU.Build.0 = Release|Any CPU
		{9F2EC41F-6A9E-47C4-B47B-75190D5B6903}.Debug|Any CPU.ActiveCfg = Debug|Any CPU
		{9F2EC41F-6A9E-47C4-B47B-75190D5B6903}.Debug|Any CPU.Build.0 = Debug|Any CPU
		{9F2EC41F-6A9E-47C4-B47B-75190D5B6903}.Release|Any CPU.ActiveCfg = Release|Any CPU
		{9F2EC41F-6A9E-47C4-B47B-75190D5B6903}.Release|Any CPU.Build.0 = Release|Any CPU
		{42DD2C37-4082-4E33-9AB0-04A97290D5B7}.Debug|Any CPU.ActiveCfg = Debug|Any CPU
		{42DD2C37-4082-4E33-9AB0-04A97290D5B7}.Debug|Any CPU.Build.0 = Debug|Any CPU
		{42DD2C37-4082-4E33-9AB0-04A97290D5B7}.Release|Any CPU.ActiveCfg = Release|Any CPU
		{42DD2C37-4082-4E33-9AB0-04A97290D5B7}.Release|Any CPU.Build.0 = Release|Any CPU
		{06AB9E37-5532-4CDB-8D6C-D3575594CC7E}.Debug|Any CPU.ActiveCfg = Debug|Any CPU
		{06AB9E37-5532-4CDB-8D6C-D3575594CC7E}.Debug|Any CPU.Build.0 = Debug|Any CPU
		{06AB9E37-5532-4CDB-8D6C-D3575594CC7E}.Release|Any CPU.ActiveCfg = Release|Any CPU
		{06AB9E37-5532-4CDB-8D6C-D3575594CC7E}.Release|Any CPU.Build.0 = Release|Any CPU
		{29688452-F88A-49F5-9C98-BE7B2812C522}.Debug|Any CPU.ActiveCfg = Debug|Any CPU
		{29688452-F88A-49F5-9C98-BE7B2812C522}.Debug|Any CPU.Build.0 = Debug|Any CPU
		{29688452-F88A-49F5-9C98-BE7B2812C522}.Release|Any CPU.ActiveCfg = Release|Any CPU
		{29688452-F88A-49F5-9C98-BE7B2812C522}.Release|Any CPU.Build.0 = Release|Any CPU
		{6FF8C5F7-C98E-41C1-8FCD-25AEA0057673}.Debug|Any CPU.ActiveCfg = Debug|Any CPU
		{6FF8C5F7-C98E-41C1-8FCD-25AEA0057673}.Debug|Any CPU.Build.0 = Debug|Any CPU
		{6FF8C5F7-C98E-41C1-8FCD-25AEA0057673}.Release|Any CPU.ActiveCfg = Release|Any CPU
		{6FF8C5F7-C98E-41C1-8FCD-25AEA0057673}.Release|Any CPU.Build.0 = Release|Any CPU
		{BCF0373F-540D-4E9E-A8AD-70CEE9B385A6}.Debug|Any CPU.ActiveCfg = Debug|Any CPU
		{BCF0373F-540D-4E9E-A8AD-70CEE9B385A6}.Debug|Any CPU.Build.0 = Debug|Any CPU
		{BCF0373F-540D-4E9E-A8AD-70CEE9B385A6}.Release|Any CPU.ActiveCfg = Release|Any CPU
		{BCF0373F-540D-4E9E-A8AD-70CEE9B385A6}.Release|Any CPU.Build.0 = Release|Any CPU
	EndGlobalSection
	GlobalSection(SolutionProperties) = preSolution
		HideSolutionNode = FALSE
	EndGlobalSection
	GlobalSection(NestedProjects) = preSolution
		{39C1822D-061A-43D0-93BE-6F900CC688B6} = {938BF8EF-74B9-4FE0-B46F-11EBB7A4B3D2}
		{338DDC94-6149-4A0E-A7A0-2630EA6BEA68} = {938BF8EF-74B9-4FE0-B46F-11EBB7A4B3D2}
		{1FE525BD-16BC-4F64-B31C-4E5AF70317A6} = {938BF8EF-74B9-4FE0-B46F-11EBB7A4B3D2}
		{CACE22C7-02A2-4579-BBC7-39F544CAD1A5} = {938BF8EF-74B9-4FE0-B46F-11EBB7A4B3D2}
		{F5FD0B99-08AC-47FC-8C52-7D7CA1A7D9A0} = {938BF8EF-74B9-4FE0-B46F-11EBB7A4B3D2}
		{099D27AF-3AEB-495A-A5D0-46DA59CC9213} = {938BF8EF-74B9-4FE0-B46F-11EBB7A4B3D2}
		{738079D1-FA5A-40CD-8A27-D831919EE209} = {938BF8EF-74B9-4FE0-B46F-11EBB7A4B3D2}
		{186DEF23-863E-4954-BE16-5E5FCA75ECA2} = {938BF8EF-74B9-4FE0-B46F-11EBB7A4B3D2}
		{A4C31093-CA65-42D4-928A-11907076C0DE} = {938BF8EF-74B9-4FE0-B46F-11EBB7A4B3D2}
		{BB0010FC-20E9-4397-BF9B-C9955D9AD339} = {938BF8EF-74B9-4FE0-B46F-11EBB7A4B3D2}
		{45C6F9AD-57D6-4D6D-9498-10B5C828E47E} = {938BF8EF-74B9-4FE0-B46F-11EBB7A4B3D2}
		{8B6BEB00-0AC2-4680-A848-31AD8A0FCD82} = {938BF8EF-74B9-4FE0-B46F-11EBB7A4B3D2}
		{BE08D981-DDB0-4314-A571-D68EDF0F3971} = {938BF8EF-74B9-4FE0-B46F-11EBB7A4B3D2}
		{3514C4B4-78C1-46A1-82D5-4E676DD114FA} = {938BF8EF-74B9-4FE0-B46F-11EBB7A4B3D2}
		{9F2EC41F-6A9E-47C4-B47B-75190D5B6903} = {938BF8EF-74B9-4FE0-B46F-11EBB7A4B3D2}
		{42DD2C37-4082-4E33-9AB0-04A97290D5B7} = {938BF8EF-74B9-4FE0-B46F-11EBB7A4B3D2}
		{06AB9E37-5532-4CDB-8D6C-D3575594CC7E} = {938BF8EF-74B9-4FE0-B46F-11EBB7A4B3D2}
		{29688452-F88A-49F5-9C98-BE7B2812C522} = {938BF8EF-74B9-4FE0-B46F-11EBB7A4B3D2}
		{6FF8C5F7-C98E-41C1-8FCD-25AEA0057673} = {938BF8EF-74B9-4FE0-B46F-11EBB7A4B3D2}
		{BCF0373F-540D-4E9E-A8AD-70CEE9B385A6} = {938BF8EF-74B9-4FE0-B46F-11EBB7A4B3D2}
	EndGlobalSection
	GlobalSection(ExtensibilityGlobals) = postSolution
		SolutionGuid = {6747BB6D-2826-4356-A213-805FBCCF9201}
	EndGlobalSection
EndGlobal
